
Microsoft Visual Studio Solution File, Format Version 12.00
# Visual Studio Version 17
VisualStudioVersion = 17.3.32804.467
MinimumVisualStudioVersion = 10.0.40219.1
Project("{D954291E-2A0B-460D-934E-DC6B0785DB48}") = "VerticesEngine.AppDemo.Shared", "shared\VerticesEngine.AppDemo.Shared.shproj", "{A0CDBD0E-3A41-42B7-9425-A838BC2C7383}"
EndProject
Project("{9A19103F-16F7-4668-BE54-9A1E7A4F7556}") = "VerticesEngine.AppDemo.Dev", "dev\VerticesEngine.AppDemo.Dev.csproj", "{FE0EEFA5-6993-4F45-9E09-7ED0D26EA5AD}"
EndProject
Project("{9A19103F-16F7-4668-BE54-9A1E7A4F7556}") = "VerticesEngine.Core.Dev", "..\..\Core\src\dev\VerticesEngine.Core.Dev.csproj", "{F648EE5E-C251-4CE6-9B0C-3286AA7C5AB0}"
EndProject
Project("{D954291E-2A0B-460D-934E-DC6B0785DB48}") = "VerticesEngine.Core.Shared", "..\..\Core\src\shared\VerticesEngine.Core.Shared.shproj", "{14B4C0B3-E0A6-43E8-9554-C18D867C7D7C}"
EndProject
Global
	GlobalSection(SolutionConfigurationPlatforms) = preSolution
		Debug|Any CPU = Debug|Any CPU
		Release|Any CPU = Release|Any CPU
	EndGlobalSection
	GlobalSection(ProjectConfigurationPlatforms) = postSolution
		{FE0EEFA5-6993-4F45-9E09-7ED0D26EA5AD}.Debug|Any CPU.ActiveCfg = Debug|Any CPU
		{FE0EEFA5-6993-4F45-9E09-7ED0D26EA5AD}.Debug|Any CPU.Build.0 = Debug|Any CPU
		{FE0EEFA5-6993-4F45-9E09-7ED0D26EA5AD}.Release|Any CPU.ActiveCfg = Release|Any CPU
		{FE0EEFA5-6993-4F45-9E09-7ED0D26EA5AD}.Release|Any CPU.Build.0 = Release|Any CPU
		{F648EE5E-C251-4CE6-9B0C-3286AA7C5AB0}.Debug|Any CPU.ActiveCfg = Debug|Any CPU
		{F648EE5E-C251-4CE6-9B0C-3286AA7C5AB0}.Debug|Any CPU.Build.0 = Debug|Any CPU
		{F648EE5E-C251-4CE6-9B0C-3286AA7C5AB0}.Release|Any CPU.ActiveCfg = Release|Any CPU
		{F648EE5E-C251-4CE6-9B0C-3286AA7C5AB0}.Release|Any CPU.Build.0 = Release|Any CPU
	EndGlobalSection
	GlobalSection(SolutionProperties) = preSolution
		HideSolutionNode = FALSE
	EndGlobalSection
	GlobalSection(ExtensibilityGlobals) = postSolution
		SolutionGuid = {3BA43FB3-93C0-4F0C-A297-C0F09EA27391}
	EndGlobalSection
	GlobalSection(SharedMSBuildProjectFiles) = preSolution
		..\..\Core\src\shared\VerticesEngine.Core.Shared.projitems*{14b4c0b3-e0a6-43e8-9554-c18d867c7d7c}*SharedItemsImports = 13
		shared\VerticesEngine.AppDemo.Shared.projitems*{a0cdbd0e-3a41-42b7-9425-a838bc2c7383}*SharedItemsImports = 13
		..\..\Core\src\shared\VerticesEngine.Core.Shared.projitems*{f648ee5e-c251-4ce6-9b0c-3286aa7c5ab0}*SharedItemsImports = 5
		shared\VerticesEngine.AppDemo.Shared.projitems*{fe0eefa5-6993-4f45-9e09-7ed0d26ea5ad}*SharedItemsImports = 5
	EndGlobalSection
EndGlobal
